
Microsoft Visual Studio Solution File, Format Version 12.00
# Visual Studio Version 16
VisualStudioVersion = 16.0.808.6
MinimumVisualStudioVersion = 10.0.40219.1
Project("{FAE04EC0-301F-11D3-BF4B-00C04F79EFBC}") = "ChartsDemo.Common", "ChartsDemo.Common\ChartsDemo.Common.csproj", "{6F0211B2-9C0B-4EBC-AF76-CF95661B8690}"
EndProject
Project("{FAE04EC0-301F-11D3-BF4B-00C04F79EFBC}") = "ChartsDemo.Server", "ChartsDemo.Server\ChartsDemo.Server.csproj", "{D4B7F095-B707-4649-80AD-13591C3288F7}"
EndProject
Project("{FAE04EC0-301F-11D3-BF4B-00C04F79EFBC}") = "ChartsDemo.Client", "ChartsDemo.Client\ChartsDemo.Client.csproj", "{CE561CDD-B9DC-4DE8-B540-BD681D4D349B}"
EndProject
Global
	GlobalSection(SolutionConfigurationPlatforms) = preSolution
		Debug|Any CPU = Debug|Any CPU
		Release|Any CPU = Release|Any CPU
	EndGlobalSection
	GlobalSection(ProjectConfigurationPlatforms) = postSolution
		{6F0211B2-9C0B-4EBC-AF76-CF95661B8690}.Debug|Any CPU.ActiveCfg = Debug|Any CPU
		{6F0211B2-9C0B-4EBC-AF76-CF95661B8690}.Debug|Any CPU.Build.0 = Debug|Any CPU
		{6F0211B2-9C0B-4EBC-AF76-CF95661B8690}.Release|Any CPU.ActiveCfg = Release|Any CPU
		{6F0211B2-9C0B-4EBC-AF76-CF95661B8690}.Release|Any CPU.Build.0 = Release|Any CPU
		{D4B7F095-B707-4649-80AD-13591C3288F7}.Debug|Any CPU.ActiveCfg = Debug|Any CPU
		{D4B7F095-B707-4649-80AD-13591C3288F7}.Debug|Any CPU.Build.0 = Debug|Any CPU
		{D4B7F095-B707-4649-80AD-13591C3288F7}.Release|Any CPU.ActiveCfg = Release|Any CPU
		{D4B7F095-B707-4649-80AD-13591C3288F7}.Release|Any CPU.Build.0 = Release|Any CPU
		{CE561CDD-B9DC-4DE8-B540-BD681D4D349B}.Debug|Any CPU.ActiveCfg = Debug|Any CPU
		{CE561CDD-B9DC-4DE8-B540-BD681D4D349B}.Debug|Any CPU.Build.0 = Debug|Any CPU
		{CE561CDD-B9DC-4DE8-B540-BD681D4D349B}.Release|Any CPU.ActiveCfg = Release|Any CPU
		{CE561CDD-B9DC-4DE8-B540-BD681D4D349B}.Release|Any CPU.Build.0 = Release|Any CPU
	EndGlobalSection
	GlobalSection(SolutionProperties) = preSolution
		HideSolutionNode = FALSE
	EndGlobalSection
	GlobalSection(ExtensibilityGlobals) = postSolution
		SolutionGuid = {550AB807-6200-4EFA-B278-F93DC5D97DC7}
	EndGlobalSection
EndGlobal
